// !$*UTF8*$!
{
	archiveVersion = 1;
	classes = {
	};
	objectVersion = 77;
	objects = {

/* Begin PBXBuildFile section */
		BC5F97A92E1D1DF2003ECDDA /* RubicCubeSolver in Frameworks */ = {isa = PBXBuildFile; productRef = BC5F97A82E1D1DF2003ECDDA /* RubicCubeSolver */; };
/* End PBXBuildFile section */

/* Begin PBXContainerItemProxy section */
		BC9F88292E19636B004C2C61 /* PBXContainerItemProxy */ = {
			isa = PBXContainerItemProxy;
			containerPortal = BC9F88132E19636A004C2C61 /* Project object */;
			proxyType = 1;
			remoteGlobalIDString = BC9F881A2E19636A004C2C61;
			remoteInfo = RubicCube;
		};
		BC9F88332E19636B004C2C61 /* PBXContainerItemProxy */ = {
			isa = PBXContainerItemProxy;
			containerPortal = BC9F88132E19636A004C2C61 /* Project object */;
			proxyType = 1;
			remoteGlobalIDString = BC9F881A2E19636A004C2C61;
			remoteInfo = RubicCube;
		};
/* End PBXContainerItemProxy section */

/* Begin PBXFileReference section */
		BC9F881B2E19636A004C2C61 /* RubicCube.app */ = {isa = PBXFileReference; explicitFileType = wrapper.application; includeInIndex = 0; path = RubicCube.app; sourceTree = BUILT_PRODUCTS_DIR; };
		BC9F88282E19636B004C2C61 /* RubicCubeTests.xctest */ = {isa = PBXFileReference; explicitFileType = wrapper.cfbundle; includeInIndex = 0; path = RubicCubeTests.xctest; sourceTree = BUILT_PRODUCTS_DIR; };
		BC9F88322E19636B004C2C61 /* RubicCubeUITests.xctest */ = {isa = PBXFileReference; explicitFileType = wrapper.cfbundle; includeInIndex = 0; path = RubicCubeUITests.xctest; sourceTree = BUILT_PRODUCTS_DIR; };
/* End PBXFileReference section */

/* Begin PBXFileSystemSynchronizedBuildFileExceptionSet section */
		BC9F89EC2E1D1A07004C2C61 /* Exceptions for "RubicCube" folder in "RubicCube" target */ = {
			isa = PBXFileSystemSynchronizedBuildFileExceptionSet;
			membershipExceptions = (
				Architecture.txt,
			);
			target = BC9F881A2E19636A004C2C61 /* RubicCube */;
		};
/* End PBXFileSystemSynchronizedBuildFileExceptionSet section */

/* Begin PBXFileSystemSynchronizedGroupBuildPhaseMembershipExceptionSet section */
		BC9F89ED2E1D1A07004C2C61 /* Exceptions for "RubicCube" folder in "Compile Sources" phase from "RubicCube" target */ = {
			isa = PBXFileSystemSynchronizedGroupBuildPhaseMembershipExceptionSet;
			buildPhase = BC9F88172E19636A004C2C61 /* Sources */;
			membershipExceptions = (
				Architecture.txt,
			);
		};
/* End PBXFileSystemSynchronizedGroupBuildPhaseMembershipExceptionSet section */

/* Begin PBXFileSystemSynchronizedRootGroup section */
		BC9F881D2E19636A004C2C61 /* RubicCube */ = {
			isa = PBXFileSystemSynchronizedRootGroup;
			exceptions = (
				BC9F89EC2E1D1A07004C2C61 /* Exceptions for "RubicCube" folder in "RubicCube" target */,
				BC9F89ED2E1D1A07004C2C61 /* Exceptions for "RubicCube" folder in "Compile Sources" phase from "RubicCube" target */,
			);
			path = RubicCube;
			sourceTree = "<group>";
		};
		BC9F882B2E19636B004C2C61 /* RubicCubeTests */ = {
			isa = PBXFileSystemSynchronizedRootGroup;
			path = RubicCubeTests;
			sourceTree = "<group>";
		};
		BC9F88352E19636B004C2C61 /* RubicCubeUITests */ = {
			isa = PBXFileSystemSynchronizedRootGroup;
			path = RubicCubeUITests;
			sourceTree = "<group>";
		};
/* End PBXFileSystemSynchronizedRootGroup section */

/* Begin PBXFrameworksBuildPhase section */
		BC9F88182E19636A004C2C61 /* Frameworks */ = {
			isa = PBXFrameworksBuildPhase;
			buildActionMask = 2147483647;
			files = (
				BC5F97A92E1D1DF2003ECDDA /* RubicCubeSolver in Frameworks */,
			);
			runOnlyForDeploymentPostprocessing = 0;
		};
		BC9F88252E19636B004C2C61 /* Frameworks */ = {
			isa = PBXFrameworksBuildPhase;
			buildActionMask = 2147483647;
			files = (
			);
			runOnlyForDeploymentPostprocessing = 0;
		};
		BC9F882F2E19636B004C2C61 /* Frameworks */ = {
			isa = PBXFrameworksBuildPhase;
			buildActionMask = 2147483647;
			files = (
			);
			runOnlyForDeploymentPostprocessing = 0;
		};
/* End PBXFrameworksBuildPhase section */

/* Begin PBXGroup section */
		BC9F88122E19636A004C2C61 = {
			isa = PBXGroup;
			children = (
				BC9F881D2E19636A004C2C61 /* RubicCube */,
				BC9F882B2E19636B004C2C61 /* RubicCubeTests */,
				BC9F88352E19636B004C2C61 /* RubicCubeUITests */,
				BC9F881C2E19636A004C2C61 /* Products */,
			);
			sourceTree = "<group>";
		};
		BC9F881C2E19636A004C2C61 /* Products */ = {
			isa = PBXGroup;
			children = (
				BC9F881B2E19636A004C2C61 /* RubicCube.app */,
				BC9F88282E19636B004C2C61 /* RubicCubeTests.xctest */,
				BC9F88322E19636B004C2C61 /* RubicCubeUITests.xctest */,
			);
			name = Products;
			sourceTree = "<group>";
		};
/* End PBXGroup section */

/* Begin PBXNativeTarget section */
		BC9F881A2E19636A004C2C61 /* RubicCube */ = {
			isa = PBXNativeTarget;
			buildConfigurationList = BC9F883C2E19636B004C2C61 /* Build configuration list for PBXNativeTarget "RubicCube" */;
			buildPhases = (
				BC9F88172E19636A004C2C61 /* Sources */,
				BC9F88182E19636A004C2C61 /* Frameworks */,
				BC9F88192E19636A004C2C61 /* Resources */,
			);
			buildRules = (
			);
			dependencies = (
			);
			fileSystemSynchronizedGroups = (
				BC9F881D2E19636A004C2C61 /* RubicCube */,
			);
			name = RubicCube;
			packageProductDependencies = (
				BC5F97A82E1D1DF2003ECDDA /* RubicCubeSolver */,
			);
			productName = RubicCube;
			productReference = BC9F881B2E19636A004C2C61 /* RubicCube.app */;
			productType = "com.apple.product-type.application";
		};
		BC9F88272E19636B004C2C61 /* RubicCubeTests */ = {
			isa = PBXNativeTarget;
			buildConfigurationList = BC9F883F2E19636B004C2C61 /* Build configuration list for PBXNativeTarget "RubicCubeTests" */;
			buildPhases = (
				BC9F88242E19636B004C2C61 /* Sources */,
				BC9F88252E19636B004C2C61 /* Frameworks */,
				BC9F88262E19636B004C2C61 /* Resources */,
			);
			buildRules = (
			);
			dependencies = (
				BC9F882A2E19636B004C2C61 /* PBXTargetDependency */,
			);
			fileSystemSynchronizedGroups = (
				BC9F882B2E19636B004C2C61 /* RubicCubeTests */,
			);
			name = RubicCubeTests;
			packageProductDependencies = (
			);
			productName = RubicCubeTests;
			productReference = BC9F88282E19636B004C2C61 /* RubicCubeTests.xctest */;
			productType = "com.apple.product-type.bundle.unit-test";
		};
		BC9F88312E19636B004C2C61 /* RubicCubeUITests */ = {
			isa = PBXNativeTarget;
			buildConfigurationList = BC9F88422E19636B004C2C61 /* Build configuration list for PBXNativeTarget "RubicCubeUITests" */;
			buildPhases = (
				BC9F882E2E19636B004C2C61 /* Sources */,
				BC9F882F2E19636B004C2C61 /* Frameworks */,
				BC9F88302E19636B004C2C61 /* Resources */,
			);
			buildRules = (
			);
			dependencies = (
				BC9F88342E19636B004C2C61 /* PBXTargetDependency */,
			);
			fileSystemSynchronizedGroups = (
				BC9F88352E19636B004C2C61 /* RubicCubeUITests */,
			);
			name = RubicCubeUITests;
			packageProductDependencies = (
			);
			productName = RubicCubeUITests;
			productReference = BC9F88322E19636B004C2C61 /* RubicCubeUITests.xctest */;
			productType = "com.apple.product-type.bundle.ui-testing";
		};
/* End PBXNativeTarget section */

/* Begin PBXProject section */
		BC9F88132E19636A004C2C61 /* Project object */ = {
			isa = PBXProject;
			attributes = {
				BuildIndependentTargetsInParallel = 1;
				LastSwiftUpdateCheck = 2600;
				LastUpgradeCheck = 2600;
				TargetAttributes = {
					BC9F881A2E19636A004C2C61 = {
						CreatedOnToolsVersion = 26.0;
					};
					BC9F88272E19636B004C2C61 = {
						CreatedOnToolsVersion = 26.0;
						TestTargetID = BC9F881A2E19636A004C2C61;
					};
					BC9F88312E19636B004C2C61 = {
						CreatedOnToolsVersion = 26.0;
						TestTargetID = BC9F881A2E19636A004C2C61;
					};
				};
			};
			buildConfigurationList = BC9F88162E19636A004C2C61 /* Build configuration list for PBXProject "RubicCube" */;
			developmentRegion = en;
			hasScannedForEncodings = 0;
			knownRegions = (
				en,
				Base,
			);
			mainGroup = BC9F88122E19636A004C2C61;
			minimizedProjectReferenceProxies = 1;
			packageReferences = (
				BC5F97A72E1D1DF2003ECDDA /* XCLocalSwiftPackageReference "../RubicCubeSolver" */,
			);
			preferredProjectObjectVersion = 77;
			productRefGroup = BC9F881C2E19636A004C2C61 /* Products */;
			projectDirPath = "";
			projectRoot = "";
			targets = (
				BC9F881A2E19636A004C2C61 /* RubicCube */,
				BC9F88272E19636B004C2C61 /* RubicCubeTests */,
				BC9F88312E19636B004C2C61 /* RubicCubeUITests */,
			);
		};
/* End PBXProject section */

/* Begin PBXResourcesBuildPhase section */
		BC9F88192E19636A004C2C61 /* Resources */ = {
			isa = PBXResourcesBuildPhase;
			buildActionMask = 2147483647;
			files = (
			);
			runOnlyForDeploymentPostprocessing = 0;
		};
		BC9F88262E19636B004C2C61 /* Resources */ = {
			isa = PBXResourcesBuildPhase;
			buildActionMask = 2147483647;
			files = (
			);
			runOnlyForDeploymentPostprocessing = 0;
		};
		BC9F88302E19636B004C2C61 /* Resources */ = {
			isa = PBXResourcesBuildPhase;
			buildActionMask = 2147483647;
			files = (
			);
			runOnlyForDeploymentPostprocessing = 0;
		};
/* End PBXResourcesBuildPhase section */

/* Begin PBXSourcesBuildPhase section */
		BC9F88172E19636A004C2C61 /* Sources */ = {
			isa = PBXSourcesBuildPhase;
			buildActionMask = 2147483647;
			files = (
			);
			runOnlyForDeploymentPostprocessing = 0;
		};
		BC9F88242E19636B004C2C61 /* Sources */ = {
			isa = PBXSourcesBuildPhase;
			buildActionMask = 2147483647;
			files = (
			);
			runOnlyForDeploymentPostprocessing = 0;
		};
		BC9F882E2E19636B004C2C61 /* Sources */ = {
			isa = PBXSourcesBuildPhase;
			buildActionMask = 2147483647;
			files = (
			);
			runOnlyForDeploymentPostprocessing = 0;
		};
/* End PBXSourcesBuildPhase section */

/* Begin PBXTargetDependency section */
		BC9F882A2E19636B004C2C61 /* PBXTargetDependency */ = {
			isa = PBXTargetDependency;
			target = BC9F881A2E19636A004C2C61 /* RubicCube */;
			targetProxy = BC9F88292E19636B004C2C61 /* PBXContainerItemProxy */;
		};
		BC9F88342E19636B004C2C61 /* PBXTargetDependency */ = {
			isa = PBXTargetDependency;
			target = BC9F881A2E19636A004C2C61 /* RubicCube */;
			targetProxy = BC9F88332E19636B004C2C61 /* PBXContainerItemProxy */;
		};
/* End PBXTargetDependency section */

/* Begin XCBuildConfiguration section */
		BC9F883A2E19636B004C2C61 /* Debug */ = {
			isa = XCBuildConfiguration;
			buildSettings = {
				ALWAYS_SEARCH_USER_PATHS = NO;
				ASSETCATALOG_COMPILER_GENERATE_SWIFT_ASSET_SYMBOL_EXTENSIONS = YES;
				CLANG_ANALYZER_NONNULL = YES;
				CLANG_ANALYZER_NUMBER_OBJECT_CONVERSION = YES_AGGRESSIVE;
				CLANG_CXX_LANGUAGE_STANDARD = "gnu++20";
				CLANG_ENABLE_MODULES = YES;
				CLANG_ENABLE_OBJC_ARC = YES;
				CLANG_ENABLE_OBJC_WEAK = YES;
				CLANG_WARN_BLOCK_CAPTURE_AUTORELEASING = YES;
				CLANG_WARN_BOOL_CONVERSION = YES;
				CLANG_WARN_COMMA = YES;
				CLANG_WARN_CONSTANT_CONVERSION = YES;
				CLANG_WARN_DEPRECATED_OBJC_IMPLEMENTATIONS = YES;
				CLANG_WARN_DIRECT_OBJC_ISA_USAGE = YES_ERROR;
				CLANG_WARN_DOCUMENTATION_COMMENTS = YES;
				CLANG_WARN_EMPTY_BODY = YES;
				CLANG_WARN_ENUM_CONVERSION = YES;
				CLANG_WARN_INFINITE_RECURSION = YES;
				CLANG_WARN_INT_CONVERSION = YES;
				CLANG_WARN_NON_LITERAL_NULL_CONVERSION = YES;
				CLANG_WARN_OBJC_IMPLICIT_RETAIN_SELF = YES;
				CLANG_WARN_OBJC_LITERAL_CONVERSION = YES;
				CLANG_WARN_OBJC_ROOT_CLASS = YES_ERROR;
				CLANG_WARN_QUOTED_INCLUDE_IN_FRAMEWORK_HEADER = YES;
				CLANG_WARN_RANGE_LOOP_ANALYSIS = YES;
				CLANG_WARN_STRICT_PROTOTYPES = YES;
				CLANG_WARN_SUSPICIOUS_MOVE = YES;
				CLANG_WARN_UNGUARDED_AVAILABILITY = YES_AGGRESSIVE;
				CLANG_WARN_UNREACHABLE_CODE = YES;
				CLANG_WARN__DUPLICATE_METHOD_MATCH = YES;
				COPY_PHASE_STRIP = NO;
				DEBUG_INFORMATION_FORMAT = dwarf;
				DEVELOPMENT_TEAM = F2R3LP995T;
				ENABLE_STRICT_OBJC_MSGSEND = YES;
				ENABLE_TESTABILITY = YES;
				ENABLE_USER_SCRIPT_SANDBOXING = YES;
				GCC_C_LANGUAGE_STANDARD = gnu17;
				GCC_DYNAMIC_NO_PIC = NO;
				GCC_NO_COMMON_BLOCKS = YES;
				GCC_OPTIMIZATION_LEVEL = 0;
				GCC_PREPROCESSOR_DEFINITIONS = (
					"DEBUG=1",
					"$(inherited)",
				);
				GCC_WARN_64_TO_32_BIT_CONVERSION = YES;
				GCC_WARN_ABOUT_RETURN_TYPE = YES_ERROR;
				GCC_WARN_UNDECLARED_SELECTOR = YES;
				GCC_WARN_UNINITIALIZED_AUTOS = YES_AGGRESSIVE;
				GCC_WARN_UNUSED_FUNCTION = YES;
				GCC_WARN_UNUSED_VARIABLE = YES;
				LOCALIZATION_PREFERS_STRING_CATALOGS = YES;
				MACOSX_DEPLOYMENT_TARGET = 26.0;
				MTL_ENABLE_DEBUG_INFO = INCLUDE_SOURCE;
				MTL_FAST_MATH = YES;
				ONLY_ACTIVE_ARCH = YES;
				SDKROOT = macosx;
				SWIFT_ACTIVE_COMPILATION_CONDITIONS = "DEBUG $(inherited)";
				SWIFT_OPTIMIZATION_LEVEL = "-Onone";
			};
			name = Debug;
		};
		BC9F883B2E19636B004C2C61 /* Release */ = {
			isa = XCBuildConfiguration;
			buildSettings = {
				ALWAYS_SEARCH_USER_PATHS = NO;
				ASSETCATALOG_COMPILER_GENERATE_SWIFT_ASSET_SYMBOL_EXTENSIONS = YES;
				CLANG_ANALYZER_NONNULL = YES;
				CLANG_ANALYZER_NUMBER_OBJECT_CONVERSION = YES_AGGRESSIVE;
				CLANG_CXX_LANGUAGE_STANDARD = "gnu++20";
				CLANG_ENABLE_MODULES = YES;
				CLANG_ENABLE_OBJC_ARC = YES;
				CLANG_ENABLE_OBJC_WEAK = YES;
				CLANG_WARN_BLOCK_CAPTURE_AUTORELEASING = YES;
				CLANG_WARN_BOOL_CONVERSION = YES;
				CLANG_WARN_COMMA = YES;
				CLANG_WARN_CONSTANT_CONVERSION = YES;
				CLANG_WARN_DEPRECATED_OBJC_IMPLEMENTATIONS = YES;
				CLANG_WARN_DIRECT_OBJC_ISA_USAGE = YES_ERROR;
				CLANG_WARN_DOCUMENTATION_COMMENTS = YES;
				CLANG_WARN_EMPTY_BODY = YES;
				CLANG_WARN_ENUM_CONVERSION = YES;
				CLANG_WARN_INFINITE_RECURSION = YES;
				CLANG_WARN_INT_CONVERSION = YES;
				CLANG_WARN_NON_LITERAL_NULL_CONVERSION = YES;
				CLANG_WARN_OBJC_IMPLICIT_RETAIN_SELF = YES;
				CLANG_WARN_OBJC_LITERAL_CONVERSION = YES;
				CLANG_WARN_OBJC_ROOT_CLASS = YES_ERROR;
				CLANG_WARN_QUOTED_INCLUDE_IN_FRAMEWORK_HEADER = YES;
				CLANG_WARN_RANGE_LOOP_ANALYSIS = YES;
				CLANG_WARN_STRICT_PROTOTYPES = YES;
				CLANG_WARN_SUSPICIOUS_MOVE = YES;
				CLANG_WARN_UNGUARDED_AVAILABILITY = YES_AGGRESSIVE;
				CLANG_WARN_UNREACHABLE_CODE = YES;
				CLANG_WARN__DUPLICATE_METHOD_MATCH = YES;
				COPY_PHASE_STRIP = NO;
				DEBUG_INFORMATION_FORMAT = "dwarf-with-dsym";
				DEVELOPMENT_TEAM = F2R3LP995T;
				ENABLE_NS_ASSERTIONS = NO;
				ENABLE_STRICT_OBJC_MSGSEND = YES;
				ENABLE_USER_SCRIPT_SANDBOXING = YES;
				GCC_C_LANGUAGE_STANDARD = gnu17;
				GCC_NO_COMMON_BLOCKS = YES;
				GCC_WARN_64_TO_32_BIT_CONVERSION = YES;
				GCC_WARN_ABOUT_RETURN_TYPE = YES_ERROR;
				GCC_WARN_UNDECLARED_SELECTOR = YES;
				GCC_WARN_UNINITIALIZED_AUTOS = YES_AGGRESSIVE;
				GCC_WARN_UNUSED_FUNCTION = YES;
				GCC_WARN_UNUSED_VARIABLE = YES;
				LOCALIZATION_PREFERS_STRING_CATALOGS = YES;
				MACOSX_DEPLOYMENT_TARGET = 26.0;
				MTL_ENABLE_DEBUG_INFO = NO;
				MTL_FAST_MATH = YES;
				SDKROOT = macosx;
				SWIFT_COMPILATION_MODE = wholemodule;
			};
			name = Release;
		};
		BC9F883D2E19636B004C2C61 /* Debug */ = {
			isa = XCBuildConfiguration;
			buildSettings = {
				ASSETCATALOG_COMPILER_APPICON_NAME = AppIcon;
				ASSETCATALOG_COMPILER_GLOBAL_ACCENT_COLOR_NAME = AccentColor;
				CODE_SIGN_STYLE = Automatic;
				COMBINE_HIDPI_IMAGES = YES;
				CURRENT_PROJECT_VERSION = 1;
				DEVELOPMENT_TEAM = F2R3LP995T;
				ENABLE_APP_SANDBOX = YES;
				ENABLE_HARDENED_RUNTIME = YES;
				ENABLE_PREVIEWS = YES;
				ENABLE_USER_SELECTED_FILES = readonly;
				GENERATE_INFOPLIST_FILE = YES;
				INFOPLIST_KEY_NSHumanReadableCopyright = "";
				LD_RUNPATH_SEARCH_PATHS = (
					"$(inherited)",
					"@executable_path/../Frameworks",
				);
				MARKETING_VERSION = 1.0;
				PRODUCT_BUNDLE_IDENTIFIER = com.kosikowski.macos.app.imagine.RubicCube;
				PRODUCT_NAME = "$(TARGET_NAME)";
				REGISTER_APP_GROUPS = YES;
				STRING_CATALOG_GENERATE_SYMBOLS = YES;
				SWIFT_DEFAULT_ACTOR_ISOLATION = MainActor;
				SWIFT_EMIT_LOC_STRINGS = YES;
				SWIFT_UPCOMING_FEATURE_MEMBER_IMPORT_VISIBILITY = YES;
				SWIFT_VERSION = 5.0;
			};
			name = Debug;
		};
		BC9F883E2E19636B004C2C61 /* Release */ = {
			isa = XCBuildConfiguration;
			buildSettings = {
				ASSETCATALOG_COMPILER_APPICON_NAME = AppIcon;
				ASSETCATALOG_COMPILER_GLOBAL_ACCENT_COLOR_NAME = AccentColor;
				CODE_SIGN_STYLE = Automatic;
				COMBINE_HIDPI_IMAGES = YES;
				CURRENT_PROJECT_VERSION = 1;
				DEVELOPMENT_TEAM = F2R3LP995T;
				ENABLE_APP_SANDBOX = YES;
				ENABLE_HARDENED_RUNTIME = YES;
				ENABLE_PREVIEWS = YES;
				ENABLE_USER_SELECTED_FILES = readonly;
				GENERATE_INFOPLIST_FILE = YES;
				INFOPLIST_KEY_NSHumanReadableCopyright = "";
				LD_RUNPATH_SEARCH_PATHS = (
					"$(inherited)",
					"@executable_path/../Frameworks",
				);
				MARKETING_VERSION = 1.0;
				PRODUCT_BUNDLE_IDENTIFIER = com.kosikowski.macos.app.imagine.RubicCube;
				PRODUCT_NAME = "$(TARGET_NAME)";
				REGISTER_APP_GROUPS = YES;
				STRING_CATALOG_GENERATE_SYMBOLS = YES;
				SWIFT_DEFAULT_ACTOR_ISOLATION = MainActor;
				SWIFT_EMIT_LOC_STRINGS = YES;
				SWIFT_UPCOMING_FEATURE_MEMBER_IMPORT_VISIBILITY = YES;
				SWIFT_VERSION = 5.0;
			};
			name = Release;
		};
		BC9F88402E19636B004C2C61 /* Debug */ = {
			isa = XCBuildConfiguration;
			buildSettings = {
				BUNDLE_LOADER = "$(TEST_HOST)";
				CODE_SIGN_STYLE = Automatic;
				CURRENT_PROJECT_VERSION = 1;
				DEVELOPMENT_TEAM = F2R3LP995T;
				GENERATE_INFOPLIST_FILE = YES;
				MACOSX_DEPLOYMENT_TARGET = 26.0;
				MARKETING_VERSION = 1.0;
				PRODUCT_BUNDLE_IDENTIFIER = com.kosikowski.macos.app.imagine.RubicCubeTests;
				PRODUCT_NAME = "$(TARGET_NAME)";
				STRING_CATALOG_GENERATE_SYMBOLS = NO;
				SWIFT_EMIT_LOC_STRINGS = NO;
				SWIFT_UPCOMING_FEATURE_MEMBER_IMPORT_VISIBILITY = YES;
				SWIFT_VERSION = 5.0;
				TEST_HOST = "$(BUILT_PRODUCTS_DIR)/RubicCube.app/$(BUNDLE_EXECUTABLE_FOLDER_PATH)/RubicCube";
			};
			name = Debug;
		};
		BC9F88412E19636B004C2C61 /* Release */ = {
			isa = XCBuildConfiguration;
			buildSettings = {
				BUNDLE_LOADER = "$(TEST_HOST)";
				CODE_SIGN_STYLE = Automatic;
				CURRENT_PROJECT_VERSION = 1;
				DEVELOPMENT_TEAM = F2R3LP995T;
				GENERATE_INFOPLIST_FILE = YES;
				MACOSX_DEPLOYMENT_TARGET = 26.0;
				MARKETING_VERSION = 1.0;
				PRODUCT_BUNDLE_IDENTIFIER = com.kosikowski.macos.app.imagine.RubicCubeTests;
				PRODUCT_NAME = "$(TARGET_NAME)";
				STRING_CATALOG_GENERATE_SYMBOLS = NO;
				SWIFT_EMIT_LOC_STRINGS = NO;
				SWIFT_UPCOMING_FEATURE_MEMBER_IMPORT_VISIBILITY = YES;
				SWIFT_VERSION = 5.0;
				TEST_HOST = "$(BUILT_PRODUCTS_DIR)/RubicCube.app/$(BUNDLE_EXECUTABLE_FOLDER_PATH)/RubicCube";
			};
			name = Release;
		};
		BC9F88432E19636B004C2C61 /* Debug */ = {
			isa = XCBuildConfiguration;
			buildSettings = {
				CODE_SIGN_STYLE = Automatic;
				CURRENT_PROJECT_VERSION = 1;
				DEVELOPMENT_TEAM = F2R3LP995T;
				GENERATE_INFOPLIST_FILE = YES;
				MARKETING_VERSION = 1.0;
				PRODUCT_BUNDLE_IDENTIFIER = com.kosikowski.macos.app.imagine.RubicCubeUITests;
				PRODUCT_NAME = "$(TARGET_NAME)";
				STRING_CATALOG_GENERATE_SYMBOLS = NO;
				SWIFT_EMIT_LOC_STRINGS = NO;
				SWIFT_UPCOMING_FEATURE_MEMBER_IMPORT_VISIBILITY = YES;
				SWIFT_VERSION = 5.0;
				TEST_TARGET_NAME = RubicCube;
			};
			name = Debug;
		};
		BC9F88442E19636B004C2C61 /* Release */ = {
			isa = XCBuildConfiguration;
			buildSettings = {
				CODE_SIGN_STYLE = Automatic;
				CURRENT_PROJECT_VERSION = 1;
				DEVELOPMENT_TEAM = F2R3LP995T;
				GENERATE_INFOPLIST_FILE = YES;
				MARKETING_VERSION = 1.0;
				PRODUCT_BUNDLE_IDENTIFIER = com.kosikowski.macos.app.imagine.RubicCubeUITests;
				PRODUCT_NAME = "$(TARGET_NAME)";
				STRING_CATALOG_GENERATE_SYMBOLS = NO;
				SWIFT_EMIT_LOC_STRINGS = NO;
				SWIFT_UPCOMING_FEATURE_MEMBER_IMPORT_VISIBILITY = YES;
				SWIFT_VERSION = 5.0;
				TEST_TARGET_NAME = RubicCube;
			};
			name = Release;
		};
/* End XCBuildConfiguration section */

/* Begin XCConfigurationList section */
		BC9F88162E19636A004C2C61 /* Build configuration list for PBXProject "RubicCube" */ = {
			isa = XCConfigurationList;
			buildConfigurations = (
				BC9F883A2E19636B004C2C61 /* Debug */,
				BC9F883B2E19636B004C2C61 /* Release */,
			);
			defaultConfigurationIsVisible = 0;
			defaultConfigurationName = Release;
		};
		BC9F883C2E19636B004C2C61 /* Build configuration list for PBXNativeTarget "RubicCube" */ = {
			isa = XCConfigurationList;
			buildConfigurations = (
				BC9F883D2E19636B004C2C61 /* Debug */,
				BC9F883E2E19636B004C2C61 /* Release */,
			);
			defaultConfigurationIsVisible = 0;
			defaultConfigurationName = Release;
		};
		BC9F883F2E19636B004C2C61 /* Build configuration list for PBXNativeTarget "RubicCubeTests" */ = {
			isa = XCConfigurationList;
			buildConfigurations = (
				BC9F88402E19636B004C2C61 /* Debug */,
				BC9F88412E19636B004C2C61 /* Release */,
			);
			defaultConfigurationIsVisible = 0;
			defaultConfigurationName = Release;
		};
		BC9F88422E19636B004C2C61 /* Build configuration list for PBXNativeTarget "RubicCubeUITests" */ = {
			isa = XCConfigurationList;
			buildConfigurations = (
				BC9F88432E19636B004C2C61 /* Debug */,
				BC9F88442E19636B004C2C61 /* Release */,
			);
			defaultConfigurationIsVisible = 0;
			defaultConfigurationName = Release;
		};
/* End XCConfigurationList section */

/* Begin XCLocalSwiftPackageReference section */
		BC5F97A72E1D1DF2003ECDDA /* XCLocalSwiftPackageReference "../RubicCubeSolver" */ = {
			isa = XCLocalSwiftPackageReference;
			relativePath = ../RubicCubeSolver;
		};
/* End XCLocalSwiftPackageReference section */

/* Begin XCSwiftPackageProductDependency section */
		BC5F97A82E1D1DF2003ECDDA /* RubicCubeSolver */ = {
			isa = XCSwiftPackageProductDependency;
			productName = RubicCubeSolver;
		};
/* End XCSwiftPackageProductDependency section */
	};
	rootObject = BC9F88132E19636A004C2C61 /* Project object */;
}
